
Microsoft Visual Studio Solution File, Format Version 12.00
# Visual Studio Version 17
VisualStudioVersion = 17.0.31903.59
MinimumVisualStudioVersion = 10.0.40219.1
Project("{FAE04EC0-301F-11D3-BF4B-00C04F79EFBC}") = "Tests.AutoMapper", "Tests.AutoMapper\Tests.AutoMapper.csproj", "{3FC46184-B5D7-4668-A3E8-A5A6F4C25C9A}"
EndProject
Project("{FAE04EC0-301F-11D3-BF4B-00C04F79EFBC}") = "Tests.TestData", "Tests.TestData\Tests.TestData.csproj", "{58469CA6-DAA1-46D5-A00B-E8C92CF44687}"
EndProject
Project("{FAE04EC0-301F-11D3-BF4B-00C04F79EFBC}") = "Tests.EncapsulationViaUserDefinedConversion", "Tests.EncapsulationViaUserDefinedConversion\Tests.EncapsulationViaUserDefinedConversion.csproj", "{078C6418-F639-467D-9063-ED998F993334}"
EndProject
Project("{FAE04EC0-301F-11D3-BF4B-00C04F79EFBC}") = "Tests.UserDefinedConversion", "Tests.UserDefinedConversion\Tests.UserDefinedConversion.csproj", "{EA1ADA3E-ECC4-44FE-887F-CEB813EC00B2}"
EndProject
Project("{FAE04EC0-301F-11D3-BF4B-00C04F79EFBC}") = "Tests.PatternMatching", "Tests.PatternMatching\Tests.PatternMatching.csproj", "{F6FFF93C-E690-4198-BAFA-7EC4670ADA19}"
EndProject
Project("{FAE04EC0-301F-11D3-BF4B-00C04F79EFBC}") = "Tests.Records", "Tests.Records\Tests.Records.csproj", "{B7190A72-A91F-4CA0-91E5-ABF2DD4934D0}"
EndProject
Project("{FAE04EC0-301F-11D3-BF4B-00C04F79EFBC}") = "Tests.ConversionUsingKeywordAs", "Tests.ConversionUsingKeywordAs\Tests.ConversionUsingKeywordAs.csproj", "{84AE7180-CDE7-40A4-A253-D63B883CE91E}"
EndProject
Project("{FAE04EC0-301F-11D3-BF4B-00C04F79EFBC}") = "Tests.Enums", "Tests.Enums\Tests.Enums.csproj", "{FF64CCE9-18F0-420E-9239-DC5F5195A982}"
EndProject
Project("{FAE04EC0-301F-11D3-BF4B-00C04F79EFBC}") = "Tests.Inheritance", "Tests.Inheritance\Tests.Inheritance.csproj", "{403EB1EE-3805-4028-9958-48A40B045856}"
EndProject
Project("{FAE04EC0-301F-11D3-BF4B-00C04F79EFBC}") = "Tests.Serialization", "Tests.Serialization\Tests.Serialization.csproj", "{380EC2D2-62F6-49B6-B677-B9E14197BCC0}"
EndProject
Project("{FAE04EC0-301F-11D3-BF4B-00C04F79EFBC}") = "Tests.Range", "Tests.Range\Tests.Range.csproj", "{FB17E492-7626-4400-A37D-E9BA60613156}"
EndProject
Global
	GlobalSection(SolutionConfigurationPlatforms) = preSolution
		Debug|Any CPU = Debug|Any CPU
		Release|Any CPU = Release|Any CPU
	EndGlobalSection
	GlobalSection(SolutionProperties) = preSolution
		HideSolutionNode = FALSE
	EndGlobalSection
	GlobalSection(ProjectConfigurationPlatforms) = postSolution
		{3FC46184-B5D7-4668-A3E8-A5A6F4C25C9A}.Debug|Any CPU.ActiveCfg = Debug|Any CPU
		{3FC46184-B5D7-4668-A3E8-A5A6F4C25C9A}.Debug|Any CPU.Build.0 = Debug|Any CPU
		{3FC46184-B5D7-4668-A3E8-A5A6F4C25C9A}.Release|Any CPU.ActiveCfg = Release|Any CPU
		{3FC46184-B5D7-4668-A3E8-A5A6F4C25C9A}.Release|Any CPU.Build.0 = Release|Any CPU
		{58469CA6-DAA1-46D5-A00B-E8C92CF44687}.Debug|Any CPU.ActiveCfg = Debug|Any CPU
		{58469CA6-DAA1-46D5-A00B-E8C92CF44687}.Debug|Any CPU.Build.0 = Debug|Any CPU
		{58469CA6-DAA1-46D5-A00B-E8C92CF44687}.Release|Any CPU.ActiveCfg = Release|Any CPU
		{58469CA6-DAA1-46D5-A00B-E8C92CF44687}.Release|Any CPU.Build.0 = Release|Any CPU
		{078C6418-F639-467D-9063-ED998F993334}.Debug|Any CPU.ActiveCfg = Debug|Any CPU
		{078C6418-F639-467D-9063-ED998F993334}.Debug|Any CPU.Build.0 = Debug|Any CPU
		{078C6418-F639-467D-9063-ED998F993334}.Release|Any CPU.ActiveCfg = Release|Any CPU
		{078C6418-F639-467D-9063-ED998F993334}.Release|Any CPU.Build.0 = Release|Any CPU
		{EA1ADA3E-ECC4-44FE-887F-CEB813EC00B2}.Debug|Any CPU.ActiveCfg = Debug|Any CPU
		{EA1ADA3E-ECC4-44FE-887F-CEB813EC00B2}.Debug|Any CPU.Build.0 = Debug|Any CPU
		{EA1ADA3E-ECC4-44FE-887F-CEB813EC00B2}.Release|Any CPU.ActiveCfg = Release|Any CPU
		{EA1ADA3E-ECC4-44FE-887F-CEB813EC00B2}.Release|Any CPU.Build.0 = Release|Any CPU
		{F6FFF93C-E690-4198-BAFA-7EC4670ADA19}.Debug|Any CPU.ActiveCfg = Debug|Any CPU
		{F6FFF93C-E690-4198-BAFA-7EC4670ADA19}.Debug|Any CPU.Build.0 = Debug|Any CPU
		{F6FFF93C-E690-4198-BAFA-7EC4670ADA19}.Release|Any CPU.ActiveCfg = Release|Any CPU
		{F6FFF93C-E690-4198-BAFA-7EC4670ADA19}.Release|Any CPU.Build.0 = Release|Any CPU
		{B7190A72-A91F-4CA0-91E5-ABF2DD4934D0}.Debug|Any CPU.ActiveCfg = Debug|Any CPU
		{B7190A72-A91F-4CA0-91E5-ABF2DD4934D0}.Debug|Any CPU.Build.0 = Debug|Any CPU
		{B7190A72-A91F-4CA0-91E5-ABF2DD4934D0}.Release|Any CPU.ActiveCfg = Release|Any CPU
		{B7190A72-A91F-4CA0-91E5-ABF2DD4934D0}.Release|Any CPU.Build.0 = Release|Any CPU
		{84AE7180-CDE7-40A4-A253-D63B883CE91E}.Debug|Any CPU.ActiveCfg = Debug|Any CPU
		{84AE7180-CDE7-40A4-A253-D63B883CE91E}.Debug|Any CPU.Build.0 = Debug|Any CPU
		{84AE7180-CDE7-40A4-A253-D63B883CE91E}.Release|Any CPU.ActiveCfg = Release|Any CPU
		{84AE7180-CDE7-40A4-A253-D63B883CE91E}.Release|Any CPU.Build.0 = Release|Any CPU
		{FF64CCE9-18F0-420E-9239-DC5F5195A982}.Debug|Any CPU.ActiveCfg = Debug|Any CPU
		{FF64CCE9-18F0-420E-9239-DC5F5195A982}.Debug|Any CPU.Build.0 = Debug|Any CPU
		{FF64CCE9-18F0-420E-9239-DC5F5195A982}.Release|Any CPU.ActiveCfg = Release|Any CPU
		{FF64CCE9-18F0-420E-9239-DC5F5195A982}.Release|Any CPU.Build.0 = Release|Any CPU
		{403EB1EE-3805-4028-9958-48A40B045856}.Debug|Any CPU.ActiveCfg = Debug|Any CPU
		{403EB1EE-3805-4028-9958-48A40B045856}.Debug|Any CPU.Build.0 = Debug|Any CPU
		{403EB1EE-3805-4028-9958-48A40B045856}.Release|Any CPU.ActiveCfg = Release|Any CPU
		{403EB1EE-3805-4028-9958-48A40B045856}.Release|Any CPU.Build.0 = Release|Any CPU
		{380EC2D2-62F6-49B6-B677-B9E14197BCC0}.Debug|Any CPU.ActiveCfg = Debug|Any CPU
		{380EC2D2-62F6-49B6-B677-B9E14197BCC0}.Debug|Any CPU.Build.0 = Debug|Any CPU
		{380EC2D2-62F6-49B6-B677-B9E14197BCC0}.Release|Any CPU.ActiveCfg = Release|Any CPU
		{380EC2D2-62F6-49B6-B677-B9E14197BCC0}.Release|Any CPU.Build.0 = Release|Any CPU
		{FB17E492-7626-4400-A37D-E9BA60613156}.Debug|Any CPU.ActiveCfg = Debug|Any CPU
		{FB17E492-7626-4400-A37D-E9BA60613156}.Debug|Any CPU.Build.0 = Debug|Any CPU
		{FB17E492-7626-4400-A37D-E9BA60613156}.Release|Any CPU.ActiveCfg = Release|Any CPU
		{FB17E492-7626-4400-A37D-E9BA60613156}.Release|Any CPU.Build.0 = Release|Any CPU
	EndGlobalSection
EndGlobal
